// !$*UTF8*$!
{
	archiveVersion = 1;
	classes = {
	};
	objectVersion = 56;
	objects = {

/* Begin PBXBuildFile section */
		0022DDBC2B03BC91006A72C7 /* AppDelegate.swift in Sources */ = {isa = PBXBuildFile; fileRef = 0022DDBB2B03BC91006A72C7 /* AppDelegate.swift */; };
		0022DDBE2B03BC91006A72C7 /* SceneDelegate.swift in Sources */ = {isa = PBXBuildFile; fileRef = 0022DDBD2B03BC91006A72C7 /* SceneDelegate.swift */; };
		0022DDC02B03BC91006A72C7 /* ViewController.swift in Sources */ = {isa = PBXBuildFile; fileRef = 0022DDBF2B03BC91006A72C7 /* ViewController.swift */; };
		0022DDC52B03BC95006A72C7 /* Assets.xcassets in Resources */ = {isa = PBXBuildFile; fileRef = 0022DDC42B03BC95006A72C7 /* Assets.xcassets */; };
		0022DDC82B03BC95006A72C7 /* LaunchScreen.storyboard in Resources */ = {isa = PBXBuildFile; fileRef = 0022DDC62B03BC95006A72C7 /* LaunchScreen.storyboard */; };
		0022DDD02B03BE97006A72C7 /* GoogleService-Info.plist in Resources */ = {isa = PBXBuildFile; fileRef = 0022DDCF2B03BE97006A72C7 /* GoogleService-Info.plist */; };
		00C7087F2B07F12200C0FCC2 /* DetailController.swift in Sources */ = {isa = PBXBuildFile; fileRef = 00C7087E2B07F12200C0FCC2 /* DetailController.swift */; };
		00C708812B07F96900C0FCC2 /* CustomDoYouLikeView.swift in Sources */ = {isa = PBXBuildFile; fileRef = 00C708802B07F96900C0FCC2 /* CustomDoYouLikeView.swift */; };
		00C708842B0A388100C0FCC2 /* FavoritesView.swift in Sources */ = {isa = PBXBuildFile; fileRef = 00C708832B0A388100C0FCC2 /* FavoritesView.swift */; };
		00F621892B079438009F2DA4 /* FirebaseAuth in Frameworks */ = {isa = PBXBuildFile; productRef = 00F621882B079438009F2DA4 /* FirebaseAuth */; };
		00F6218B2B079438009F2DA4 /* FirebaseFirestore in Frameworks */ = {isa = PBXBuildFile; productRef = 00F6218A2B079438009F2DA4 /* FirebaseFirestore */; };
		00F6218E2B0796FF009F2DA4 /* ViewModel.swift in Sources */ = {isa = PBXBuildFile; fileRef = 00F6218D2B0796FE009F2DA4 /* ViewModel.swift */; };
		00F621912B0797BA009F2DA4 /* ContentResponseModel.swift in Sources */ = {isa = PBXBuildFile; fileRef = 00F621902B0797BA009F2DA4 /* ContentResponseModel.swift */; };
		00F621932B0797E0009F2DA4 /* CategoryResponseModel.swift in Sources */ = {isa = PBXBuildFile; fileRef = 00F621922B0797E0009F2DA4 /* CategoryResponseModel.swift */; };
		00F621962B079CF0009F2DA4 /* TabbarController.swift in Sources */ = {isa = PBXBuildFile; fileRef = 00F621952B079CF0009F2DA4 /* TabbarController.swift */; };
		00F621992B079DAF009F2DA4 /* SnapKit in Frameworks */ = {isa = PBXBuildFile; productRef = 00F621982B079DAF009F2DA4 /* SnapKit */; };
		00F6219B2B07A0B9009F2DA4 /* CollectionViewCell.swift in Sources */ = {isa = PBXBuildFile; fileRef = 00F6219A2B07A0B9009F2DA4 /* CollectionViewCell.swift */; };
		00F6219E2B07A25B009F2DA4 /* Kingfisher in Frameworks */ = {isa = PBXBuildFile; productRef = 00F6219D2B07A25B009F2DA4 /* Kingfisher */; };
		00F621A02B07A26A009F2DA4 /* ImageLoadable.swift in Sources */ = {isa = PBXBuildFile; fileRef = 00F6219F2B07A26A009F2DA4 /* ImageLoadable.swift */; };
		00F621A62B07D7D7009F2DA4 /* CollectionViewHeaderCell.swift in Sources */ = {isa = PBXBuildFile; fileRef = 00F621A52B07D7D7009F2DA4 /* CollectionViewHeaderCell.swift */; };
/* End PBXBuildFile section */

/* Begin PBXFileReference section */
		0022DDB82B03BC91006A72C7 /* PapcornsCase.app */ = {isa = PBXFileReference; explicitFileType = wrapper.application; includeInIndex = 0; path = PapcornsCase.app; sourceTree = BUILT_PRODUCTS_DIR; };
		0022DDBB2B03BC91006A72C7 /* AppDelegate.swift */ = {isa = PBXFileReference; lastKnownFileType = sourcecode.swift; path = AppDelegate.swift; sourceTree = "<group>"; };
		0022DDBD2B03BC91006A72C7 /* SceneDelegate.swift */ = {isa = PBXFileReference; lastKnownFileType = sourcecode.swift; path = SceneDelegate.swift; sourceTree = "<group>"; };
		0022DDBF2B03BC91006A72C7 /* ViewController.swift */ = {isa = PBXFileReference; lastKnownFileType = sourcecode.swift; path = ViewController.swift; sourceTree = "<group>"; };
		0022DDC42B03BC95006A72C7 /* Assets.xcassets */ = {isa = PBXFileReference; lastKnownFileType = folder.assetcatalog; path = Assets.xcassets; sourceTree = "<group>"; };
		0022DDC72B03BC95006A72C7 /* Base */ = {isa = PBXFileReference; lastKnownFileType = file.storyboard; name = Base; path = Base.lproj/LaunchScreen.storyboard; sourceTree = "<group>"; };
		0022DDC92B03BC95006A72C7 /* Info.plist */ = {isa = PBXFileReference; lastKnownFileType = text.plist.xml; path = Info.plist; sourceTree = "<group>"; };
		0022DDCF2B03BE97006A72C7 /* GoogleService-Info.plist */ = {isa = PBXFileReference; fileEncoding = 4; lastKnownFileType = text.plist.xml; path = "GoogleService-Info.plist"; sourceTree = "<group>"; };
		00C7087E2B07F12200C0FCC2 /* DetailController.swift */ = {isa = PBXFileReference; lastKnownFileType = sourcecode.swift; path = DetailController.swift; sourceTree = "<group>"; };
		00C708802B07F96900C0FCC2 /* CustomDoYouLikeView.swift */ = {isa = PBXFileReference; lastKnownFileType = sourcecode.swift; path = CustomDoYouLikeView.swift; sourceTree = "<group>"; };
		00C708832B0A388100C0FCC2 /* FavoritesView.swift */ = {isa = PBXFileReference; lastKnownFileType = sourcecode.swift; path = FavoritesView.swift; sourceTree = "<group>"; };
		00F6218D2B0796FE009F2DA4 /* ViewModel.swift */ = {isa = PBXFileReference; lastKnownFileType = sourcecode.swift; path = ViewModel.swift; sourceTree = "<group>"; };
		00F621902B0797BA009F2DA4 /* ContentResponseModel.swift */ = {isa = PBXFileReference; lastKnownFileType = sourcecode.swift; path = ContentResponseModel.swift; sourceTree = "<group>"; };
		00F621922B0797E0009F2DA4 /* CategoryResponseModel.swift */ = {isa = PBXFileReference; lastKnownFileType = sourcecode.swift; path = CategoryResponseModel.swift; sourceTree = "<group>"; };
		00F621952B079CF0009F2DA4 /* TabbarController.swift */ = {isa = PBXFileReference; lastKnownFileType = sourcecode.swift; path = TabbarController.swift; sourceTree = "<group>"; };
		00F6219A2B07A0B9009F2DA4 /* CollectionViewCell.swift */ = {isa = PBXFileReference; lastKnownFileType = sourcecode.swift; path = CollectionViewCell.swift; sourceTree = "<group>"; };
		00F6219F2B07A26A009F2DA4 /* ImageLoadable.swift */ = {isa = PBXFileReference; lastKnownFileType = sourcecode.swift; path = ImageLoadable.swift; sourceTree = "<group>"; };
		00F621A52B07D7D7009F2DA4 /* CollectionViewHeaderCell.swift */ = {isa = PBXFileReference; lastKnownFileType = sourcecode.swift; path = CollectionViewHeaderCell.swift; sourceTree = "<group>"; };
/* End PBXFileReference section */

/* Begin PBXFrameworksBuildPhase section */
		0022DDB52B03BC91006A72C7 /* Frameworks */ = {
			isa = PBXFrameworksBuildPhase;
			buildActionMask = 2147483647;
			files = (
				00F6219E2B07A25B009F2DA4 /* Kingfisher in Frameworks */,
				00F621992B079DAF009F2DA4 /* SnapKit in Frameworks */,
				00F621892B079438009F2DA4 /* FirebaseAuth in Frameworks */,
				00F6218B2B079438009F2DA4 /* FirebaseFirestore in Frameworks */,
			);
			runOnlyForDeploymentPostprocessing = 0;
		};
/* End PBXFrameworksBuildPhase section */

/* Begin PBXGroup section */
		0022DDAF2B03BC91006A72C7 = {
			isa = PBXGroup;
			children = (
				0022DDBA2B03BC91006A72C7 /* PapcornsCase */,
				0022DDB92B03BC91006A72C7 /* Products */,
			);
			sourceTree = "<group>";
		};
		0022DDB92B03BC91006A72C7 /* Products */ = {
			isa = PBXGroup;
			children = (
				0022DDB82B03BC91006A72C7 /* PapcornsCase.app */,
			);
			name = Products;
			sourceTree = "<group>";
		};
		0022DDBA2B03BC91006A72C7 /* PapcornsCase */ = {
			isa = PBXGroup;
			children = (
				00C708882B0A40AD00C0FCC2 /* Views */,
				00F621A12B07A309009F2DA4 /* Application */,
				00F6218F2B0797AA009F2DA4 /* ResponseModels */,
				00F621A22B07A324009F2DA4 /* Utils */,
				00F621A32B07A331009F2DA4 /* SupportingFiles */,
				00F621A42B07A34B009F2DA4 /* Resources */,
			);
			path = PapcornsCase;
			sourceTree = "<group>";
		};
		00C708822B0A2AE700C0FCC2 /* Components */ = {
			isa = PBXGroup;
			children = (
				00C708802B07F96900C0FCC2 /* CustomDoYouLikeView.swift */,
			);
			path = Components;
			sourceTree = "<group>";
		};
		00C708862B0A409100C0FCC2 /* DetailView */ = {
			isa = PBXGroup;
			children = (
				00C708822B0A2AE700C0FCC2 /* Components */,
				00C7087E2B07F12200C0FCC2 /* DetailController.swift */,
			);
			path = DetailView;
			sourceTree = "<group>";
		};
		00C708872B0A40A300C0FCC2 /* FavoritesView */ = {
			isa = PBXGroup;
			children = (
				00C708832B0A388100C0FCC2 /* FavoritesView.swift */,
			);
			path = FavoritesView;
			sourceTree = "<group>";
		};
		00C708882B0A40AD00C0FCC2 /* Views */ = {
			isa = PBXGroup;
			children = (
				00F621942B079CCA009F2DA4 /* Tabbar */,
				00C708872B0A40A300C0FCC2 /* FavoritesView */,
				00C708862B0A409100C0FCC2 /* DetailView */,
				00F6218C2B0796EE009F2DA4 /* Main */,
			);
			path = Views;
			sourceTree = "<group>";
		};
		00F6218C2B0796EE009F2DA4 /* Main */ = {
			isa = PBXGroup;
			children = (
				0022DDBF2B03BC91006A72C7 /* ViewController.swift */,
				00F6218D2B0796FE009F2DA4 /* ViewModel.swift */,
				00F6219A2B07A0B9009F2DA4 /* CollectionViewCell.swift */,
				00F621A52B07D7D7009F2DA4 /* CollectionViewHeaderCell.swift */,
			);
			path = Main;
			sourceTree = "<group>";
		};
		00F6218F2B0797AA009F2DA4 /* ResponseModels */ = {
			isa = PBXGroup;
			children = (
				00F621902B0797BA009F2DA4 /* ContentResponseModel.swift */,
				00F621922B0797E0009F2DA4 /* CategoryResponseModel.swift */,
			);
			path = ResponseModels;
			sourceTree = "<group>";
		};
		00F621942B079CCA009F2DA4 /* Tabbar */ = {
			isa = PBXGroup;
			children = (
				00F621952B079CF0009F2DA4 /* TabbarController.swift */,
			);
			path = Tabbar;
			sourceTree = "<group>";
		};
		00F621A12B07A309009F2DA4 /* Application */ = {
			isa = PBXGroup;
			children = (
				0022DDBB2B03BC91006A72C7 /* AppDelegate.swift */,
				0022DDBD2B03BC91006A72C7 /* SceneDelegate.swift */,
			);
			path = Application;
			sourceTree = "<group>";
		};
		00F621A22B07A324009F2DA4 /* Utils */ = {
			isa = PBXGroup;
			children = (
				00F6219F2B07A26A009F2DA4 /* ImageLoadable.swift */,
			);
			path = Utils;
			sourceTree = "<group>";
		};
		00F621A32B07A331009F2DA4 /* SupportingFiles */ = {
			isa = PBXGroup;
			children = (
				0022DDC62B03BC95006A72C7 /* LaunchScreen.storyboard */,
				0022DDC92B03BC95006A72C7 /* Info.plist */,
				0022DDCF2B03BE97006A72C7 /* GoogleService-Info.plist */,
			);
			path = SupportingFiles;
			sourceTree = "<group>";
		};
		00F621A42B07A34B009F2DA4 /* Resources */ = {
			isa = PBXGroup;
			children = (
				0022DDC42B03BC95006A72C7 /* Assets.xcassets */,
			);
			path = Resources;
			sourceTree = "<group>";
		};
/* End PBXGroup section */

/* Begin PBXNativeTarget section */
		0022DDB72B03BC91006A72C7 /* PapcornsCase */ = {
			isa = PBXNativeTarget;
			buildConfigurationList = 0022DDCC2B03BC95006A72C7 /* Build configuration list for PBXNativeTarget "PapcornsCase" */;
			buildPhases = (
				0022DDB42B03BC91006A72C7 /* Sources */,
				0022DDB52B03BC91006A72C7 /* Frameworks */,
				0022DDB62B03BC91006A72C7 /* Resources */,
			);
			buildRules = (
			);
			dependencies = (
			);
			name = PapcornsCase;
			packageProductDependencies = (
				00F621882B079438009F2DA4 /* FirebaseAuth */,
				00F6218A2B079438009F2DA4 /* FirebaseFirestore */,
				00F621982B079DAF009F2DA4 /* SnapKit */,
				00F6219D2B07A25B009F2DA4 /* Kingfisher */,
			);
			productName = PapcornsCase;
			productReference = 0022DDB82B03BC91006A72C7 /* PapcornsCase.app */;
			productType = "com.apple.product-type.application";
		};
/* End PBXNativeTarget section */

/* Begin PBXProject section */
		0022DDB02B03BC91006A72C7 /* Project object */ = {
			isa = PBXProject;
			attributes = {
				BuildIndependentTargetsInParallel = 1;
				LastSwiftUpdateCheck = 1420;
				LastUpgradeCheck = 1420;
				TargetAttributes = {
					0022DDB72B03BC91006A72C7 = {
						CreatedOnToolsVersion = 14.2;
					};
				};
			};
			buildConfigurationList = 0022DDB32B03BC91006A72C7 /* Build configuration list for PBXProject "PapcornsCase" */;
			compatibilityVersion = "Xcode 14.0";
			developmentRegion = en;
			hasScannedForEncodings = 0;
			knownRegions = (
				en,
				Base,
			);
			mainGroup = 0022DDAF2B03BC91006A72C7;
			packageReferences = (
				00F621872B079438009F2DA4 /* XCRemoteSwiftPackageReference "firebase-ios-sdk" */,
				00F621972B079DAF009F2DA4 /* XCRemoteSwiftPackageReference "SnapKit" */,
				00F6219C2B07A25B009F2DA4 /* XCRemoteSwiftPackageReference "Kingfisher" */,
			);
			productRefGroup = 0022DDB92B03BC91006A72C7 /* Products */;
			projectDirPath = "";
			projectRoot = "";
			targets = (
				0022DDB72B03BC91006A72C7 /* PapcornsCase */,
			);
		};
/* End PBXProject section */

/* Begin PBXResourcesBuildPhase section */
		0022DDB62B03BC91006A72C7 /* Resources */ = {
			isa = PBXResourcesBuildPhase;
			buildActionMask = 2147483647;
			files = (
				0022DDC82B03BC95006A72C7 /* LaunchScreen.storyboard in Resources */,
				0022DDD02B03BE97006A72C7 /* GoogleService-Info.plist in Resources */,
				0022DDC52B03BC95006A72C7 /* Assets.xcassets in Resources */,
			);
			runOnlyForDeploymentPostprocessing = 0;
		};
/* End PBXResourcesBuildPhase section */

/* Begin PBXSourcesBuildPhase section */
		0022DDB42B03BC91006A72C7 /* Sources */ = {
			isa = PBXSourcesBuildPhase;
			buildActionMask = 2147483647;
			files = (
				00F621932B0797E0009F2DA4 /* CategoryResponseModel.swift in Sources */,
				0022DDC02B03BC91006A72C7 /* ViewController.swift in Sources */,
				00C708842B0A388100C0FCC2 /* FavoritesView.swift in Sources */,
				00C7087F2B07F12200C0FCC2 /* DetailController.swift in Sources */,
				00F6219B2B07A0B9009F2DA4 /* CollectionViewCell.swift in Sources */,
				00F621A62B07D7D7009F2DA4 /* CollectionViewHeaderCell.swift in Sources */,
				0022DDBC2B03BC91006A72C7 /* AppDelegate.swift in Sources */,
				00F621A02B07A26A009F2DA4 /* ImageLoadable.swift in Sources */,
				00C708812B07F96900C0FCC2 /* CustomDoYouLikeView.swift in Sources */,
				00F621912B0797BA009F2DA4 /* ContentResponseModel.swift in Sources */,
				00F6218E2B0796FF009F2DA4 /* ViewModel.swift in Sources */,
				0022DDBE2B03BC91006A72C7 /* SceneDelegate.swift in Sources */,
				00F621962B079CF0009F2DA4 /* TabbarController.swift in Sources */,
			);
			runOnlyForDeploymentPostprocessing = 0;
		};
/* End PBXSourcesBuildPhase section */

/* Begin PBXVariantGroup section */
		0022DDC62B03BC95006A72C7 /* LaunchScreen.storyboard */ = {
			isa = PBXVariantGroup;
			children = (
				0022DDC72B03BC95006A72C7 /* Base */,
			);
			name = LaunchScreen.storyboard;
			sourceTree = "<group>";
		};
/* End PBXVariantGroup section */

/* Begin XCBuildConfiguration section */
		0022DDCA2B03BC95006A72C7 /* Debug */ = {
			isa = XCBuildConfiguration;
			buildSettings = {
				ALWAYS_SEARCH_USER_PATHS = NO;
				CLANG_ANALYZER_NONNULL = YES;
				CLANG_ANALYZER_NUMBER_OBJECT_CONVERSION = YES_AGGRESSIVE;
				CLANG_CXX_LANGUAGE_STANDARD = "gnu++20";
				CLANG_ENABLE_MODULES = YES;
				CLANG_ENABLE_OBJC_ARC = YES;
				CLANG_ENABLE_OBJC_WEAK = YES;
				CLANG_WARN_BLOCK_CAPTURE_AUTORELEASING = YES;
				CLANG_WARN_BOOL_CONVERSION = YES;
				CLANG_WARN_COMMA = YES;
				CLANG_WARN_CONSTANT_CONVERSION = YES;
				CLANG_WARN_DEPRECATED_OBJC_IMPLEMENTATIONS = YES;
				CLANG_WARN_DIRECT_OBJC_ISA_USAGE = YES_ERROR;
				CLANG_WARN_DOCUMENTATION_COMMENTS = YES;
				CLANG_WARN_EMPTY_BODY = YES;
				CLANG_WARN_ENUM_CONVERSION = YES;
				CLANG_WARN_INFINITE_RECURSION = YES;
				CLANG_WARN_INT_CONVERSION = YES;
				CLANG_WARN_NON_LITERAL_NULL_CONVERSION = YES;
				CLANG_WARN_OBJC_IMPLICIT_RETAIN_SELF = YES;
				CLANG_WARN_OBJC_LITERAL_CONVERSION = YES;
				CLANG_WARN_OBJC_ROOT_CLASS = YES_ERROR;
				CLANG_WARN_QUOTED_INCLUDE_IN_FRAMEWORK_HEADER = YES;
				CLANG_WARN_RANGE_LOOP_ANALYSIS = YES;
				CLANG_WARN_STRICT_PROTOTYPES = YES;
				CLANG_WARN_SUSPICIOUS_MOVE = YES;
				CLANG_WARN_UNGUARDED_AVAILABILITY = YES_AGGRESSIVE;
				CLANG_WARN_UNREACHABLE_CODE = YES;
				CLANG_WARN__DUPLICATE_METHOD_MATCH = YES;
				COPY_PHASE_STRIP = NO;
				DEBUG_INFORMATION_FORMAT = dwarf;
				ENABLE_STRICT_OBJC_MSGSEND = YES;
				ENABLE_TESTABILITY = YES;
				GCC_C_LANGUAGE_STANDARD = gnu11;
				GCC_DYNAMIC_NO_PIC = NO;
				GCC_NO_COMMON_BLOCKS = YES;
				GCC_OPTIMIZATION_LEVEL = 0;
				GCC_PREPROCESSOR_DEFINITIONS = (
					"DEBUG=1",
					"$(inherited)",
				);
				GCC_WARN_64_TO_32_BIT_CONVERSION = YES;
				GCC_WARN_ABOUT_RETURN_TYPE = YES_ERROR;
				GCC_WARN_UNDECLARED_SELECTOR = YES;
				GCC_WARN_UNINITIALIZED_AUTOS = YES_AGGRESSIVE;
				GCC_WARN_UNUSED_FUNCTION = YES;
				GCC_WARN_UNUSED_VARIABLE = YES;
				IPHONEOS_DEPLOYMENT_TARGET = 16.2;
				MTL_ENABLE_DEBUG_INFO = INCLUDE_SOURCE;
				MTL_FAST_MATH = YES;
				ONLY_ACTIVE_ARCH = YES;
				SDKROOT = iphoneos;
				SWIFT_ACTIVE_COMPILATION_CONDITIONS = DEBUG;
				SWIFT_OPTIMIZATION_LEVEL = "-Onone";
			};
			name = Debug;
		};
		0022DDCB2B03BC95006A72C7 /* Release */ = {
			isa = XCBuildConfiguration;
			buildSettings = {
				ALWAYS_SEARCH_USER_PATHS = NO;
				CLANG_ANALYZER_NONNULL = YES;
				CLANG_ANALYZER_NUMBER_OBJECT_CONVERSION = YES_AGGRESSIVE;
				CLANG_CXX_LANGUAGE_STANDARD = "gnu++20";
				CLANG_ENABLE_MODULES = YES;
				CLANG_ENABLE_OBJC_ARC = YES;
				CLANG_ENABLE_OBJC_WEAK = YES;
				CLANG_WARN_BLOCK_CAPTURE_AUTORELEASING = YES;
				CLANG_WARN_BOOL_CONVERSION = YES;
				CLANG_WARN_COMMA = YES;
				CLANG_WARN_CONSTANT_CONVERSION = YES;
				CLANG_WARN_DEPRECATED_OBJC_IMPLEMENTATIONS = YES;
				CLANG_WARN_DIRECT_OBJC_ISA_USAGE = YES_ERROR;
				CLANG_WARN_DOCUMENTATION_COMMENTS = YES;
				CLANG_WARN_EMPTY_BODY = YES;
				CLANG_WARN_ENUM_CONVERSION = YES;
				CLANG_WARN_INFINITE_RECURSION = YES;
				CLANG_WARN_INT_CONVERSION = YES;
				CLANG_WARN_NON_LITERAL_NULL_CONVERSION = YES;
				CLANG_WARN_OBJC_IMPLICIT_RETAIN_SELF = YES;
				CLANG_WARN_OBJC_LITERAL_CONVERSION = YES;
				CLANG_WARN_OBJC_ROOT_CLASS = YES_ERROR;
				CLANG_WARN_QUOTED_INCLUDE_IN_FRAMEWORK_HEADER = YES;
				CLANG_WARN_RANGE_LOOP_ANALYSIS = YES;
				CLANG_WARN_STRICT_PROTOTYPES = YES;
				CLANG_WARN_SUSPICIOUS_MOVE = YES;
				CLANG_WARN_UNGUARDED_AVAILABILITY = YES_AGGRESSIVE;
				CLANG_WARN_UNREACHABLE_CODE = YES;
				CLANG_WARN__DUPLICATE_METHOD_MATCH = YES;
				COPY_PHASE_STRIP = NO;
				DEBUG_INFORMATION_FORMAT = "dwarf-with-dsym";
				ENABLE_NS_ASSERTIONS = NO;
				ENABLE_STRICT_OBJC_MSGSEND = YES;
				GCC_C_LANGUAGE_STANDARD = gnu11;
				GCC_NO_COMMON_BLOCKS = YES;
				GCC_WARN_64_TO_32_BIT_CONVERSION = YES;
				GCC_WARN_ABOUT_RETURN_TYPE = YES_ERROR;
				GCC_WARN_UNDECLARED_SELECTOR = YES;
				GCC_WARN_UNINITIALIZED_AUTOS = YES_AGGRESSIVE;
				GCC_WARN_UNUSED_FUNCTION = YES;
				GCC_WARN_UNUSED_VARIABLE = YES;
				IPHONEOS_DEPLOYMENT_TARGET = 16.2;
				MTL_ENABLE_DEBUG_INFO = NO;
				MTL_FAST_MATH = YES;
				SDKROOT = iphoneos;
				SWIFT_COMPILATION_MODE = wholemodule;
				SWIFT_OPTIMIZATION_LEVEL = "-O";
				VALIDATE_PRODUCT = YES;
			};
			name = Release;
		};
		0022DDCD2B03BC95006A72C7 /* Debug */ = {
			isa = XCBuildConfiguration;
			buildSettings = {
				ASSETCATALOG_COMPILER_APPICON_NAME = AppIcon;
				ASSETCATALOG_COMPILER_GLOBAL_ACCENT_COLOR_NAME = AccentColor;
				CODE_SIGN_STYLE = Automatic;
				CURRENT_PROJECT_VERSION = 1;
				DEVELOPMENT_TEAM = DTSAAQTA2J;
				GENERATE_INFOPLIST_FILE = YES;
				INFOPLIST_FILE = PapcornsCase/SupportingFiles/Info.plist;
				INFOPLIST_KEY_UIApplicationSupportsIndirectInputEvents = YES;
				INFOPLIST_KEY_UILaunchStoryboardName = LaunchScreen;
				INFOPLIST_KEY_UISupportedInterfaceOrientations_iPad = "UIInterfaceOrientationPortrait UIInterfaceOrientationPortraitUpsideDown UIInterfaceOrientationLandscapeLeft UIInterfaceOrientationLandscapeRight";
				INFOPLIST_KEY_UISupportedInterfaceOrientations_iPhone = "UIInterfaceOrientationPortrait UIInterfaceOrientationLandscapeLeft UIInterfaceOrientationLandscapeRight";
				LD_RUNPATH_SEARCH_PATHS = (
					"$(inherited)",
					"@executable_path/Frameworks",
				);
				MARKETING_VERSION = 1.0;
				PRODUCT_BUNDLE_IDENTIFIER = papcorns.test.com;
				PRODUCT_NAME = "$(TARGET_NAME)";
				SWIFT_EMIT_LOC_STRINGS = YES;
				SWIFT_VERSION = 5.0;
				TARGETED_DEVICE_FAMILY = "1,2";
			};
			name = Debug;
		};
		0022DDCE2B03BC95006A72C7 /* Release */ = {
			isa = XCBuildConfiguration;
			buildSettings = {
				ASSETCATALOG_COMPILER_APPICON_NAME = AppIcon;
				ASSETCATALOG_COMPILER_GLOBAL_ACCENT_COLOR_NAME = AccentColor;
				CODE_SIGN_STYLE = Automatic;
				CURRENT_PROJECT_VERSION = 1;
				DEVELOPMENT_TEAM = DTSAAQTA2J;
				GENERATE_INFOPLIST_FILE = YES;
				INFOPLIST_FILE = PapcornsCase/SupportingFiles/Info.plist;
				INFOPLIST_KEY_UIApplicationSupportsIndirectInputEvents = YES;
				INFOPLIST_KEY_UILaunchStoryboardName = LaunchScreen;
				INFOPLIST_KEY_UISupportedInterfaceOrientations_iPad = "UIInterfaceOrientationPortrait UIInterfaceOrientationPortraitUpsideDown UIInterfaceOrientationLandscapeLeft UIInterfaceOrientationLandscapeRight";
				INFOPLIST_KEY_UISupportedInterfaceOrientations_iPhone = "UIInterfaceOrientationPortrait UIInterfaceOrientationLandscapeLeft UIInterfaceOrientationLandscapeRight";
				LD_RUNPATH_SEARCH_PATHS = (
					"$(inherited)",
					"@executable_path/Frameworks",
				);
				MARKETING_VERSION = 1.0;
				PRODUCT_BUNDLE_IDENTIFIER = papcorns.test.com;
				PRODUCT_NAME = "$(TARGET_NAME)";
				SWIFT_EMIT_LOC_STRINGS = YES;
				SWIFT_VERSION = 5.0;
				TARGETED_DEVICE_FAMILY = "1,2";
			};
			name = Release;
		};
/* End XCBuildConfiguration section */

/* Begin XCConfigurationList section */
		0022DDB32B03BC91006A72C7 /* Build configuration list for PBXProject "PapcornsCase" */ = {
			isa = XCConfigurationList;
			buildConfigurations = (
				0022DDCA2B03BC95006A72C7 /* Debug */,
				0022DDCB2B03BC95006A72C7 /* Release */,
			);
			defaultConfigurationIsVisible = 0;
			defaultConfigurationName = Release;
		};
		0022DDCC2B03BC95006A72C7 /* Build configuration list for PBXNativeTarget "PapcornsCase" */ = {
			isa = XCConfigurationList;
			buildConfigurations = (
				0022DDCD2B03BC95006A72C7 /* Debug */,
				0022DDCE2B03BC95006A72C7 /* Release */,
			);
			defaultConfigurationIsVisible = 0;
			defaultConfigurationName = Release;
		};
/* End XCConfigurationList section */

/* Begin XCRemoteSwiftPackageReference section */
		00F621872B079438009F2DA4 /* XCRemoteSwiftPackageReference "firebase-ios-sdk" */ = {
			isa = XCRemoteSwiftPackageReference;
			repositoryURL = "https://github.com/firebase/firebase-ios-sdk";
			requirement = {
				kind = upToNextMajorVersion;
				minimumVersion = 9.0.0;
			};
		};
		00F621972B079DAF009F2DA4 /* XCRemoteSwiftPackageReference "SnapKit" */ = {
			isa = XCRemoteSwiftPackageReference;
			repositoryURL = "https://github.com/SnapKit/SnapKit.git";
			requirement = {
				kind = upToNextMajorVersion;
				minimumVersion = 5.0.0;
			};
		};
		00F6219C2B07A25B009F2DA4 /* XCRemoteSwiftPackageReference "Kingfisher" */ = {
			isa = XCRemoteSwiftPackageReference;
			repositoryURL = "https://github.com/onevcat/Kingfisher.git";
			requirement = {
				kind = upToNextMajorVersion;
				minimumVersion = 7.0.0;
			};
		};
/* End XCRemoteSwiftPackageReference section */

/* Begin XCSwiftPackageProductDependency section */
		00F621882B079438009F2DA4 /* FirebaseAuth */ = {
			isa = XCSwiftPackageProductDependency;
			package = 00F621872B079438009F2DA4 /* XCRemoteSwiftPackageReference "firebase-ios-sdk" */;
			productName = FirebaseAuth;
		};
		00F6218A2B079438009F2DA4 /* FirebaseFirestore */ = {
			isa = XCSwiftPackageProductDependency;
			package = 00F621872B079438009F2DA4 /* XCRemoteSwiftPackageReference "firebase-ios-sdk" */;
			productName = FirebaseFirestore;
		};
		00F621982B079DAF009F2DA4 /* SnapKit */ = {
			isa = XCSwiftPackageProductDependency;
			package = 00F621972B079DAF009F2DA4 /* XCRemoteSwiftPackageReference "SnapKit" */;
			productName = SnapKit;
		};
		00F6219D2B07A25B009F2DA4 /* Kingfisher */ = {
			isa = XCSwiftPackageProductDependency;
			package = 00F6219C2B07A25B009F2DA4 /* XCRemoteSwiftPackageReference "Kingfisher" */;
			productName = Kingfisher;
		};
/* End XCSwiftPackageProductDependency section */
	};
	rootObject = 0022DDB02B03BC91006A72C7 /* Project object */;
}
